
Microsoft Visual Studio Solution File, Format Version 12.00
# Visual Studio Version 16
VisualStudioVersion = 16.0.29306.81
MinimumVisualStudioVersion = 10.0.40219.1
Project("{FAE04EC0-301F-11D3-BF4B-00C04F79EFBC}") = "IRF_beadando", "IRF_beadando\IRF_beadando.csproj", "{2310F76C-9499-4E28-8F39-F436FBBC8917}"
EndProject
Project("{FAE04EC0-301F-11D3-BF4B-00C04F79EFBC}") = "UnitTestProject", "UnitTestProject\UnitTestProject.csproj", "{C4ADB57B-520E-44A9-B49C-172C910FF438}"
EndProject
Global
	GlobalSection(SolutionConfigurationPlatforms) = preSolution
		Debug|Any CPU = Debug|Any CPU
		Release|Any CPU = Release|Any CPU
	EndGlobalSection
	GlobalSection(ProjectConfigurationPlatforms) = postSolution
		{2310F76C-9499-4E28-8F39-F436FBBC8917}.Debug|Any CPU.ActiveCfg = Debug|Any CPU
		{2310F76C-9499-4E28-8F39-F436FBBC8917}.Debug|Any CPU.Build.0 = Debug|Any CPU
		{2310F76C-9499-4E28-8F39-F436FBBC8917}.Release|Any CPU.ActiveCfg = Release|Any CPU
		{2310F76C-9499-4E28-8F39-F436FBBC8917}.Release|Any CPU.Build.0 = Release|Any CPU
		{C4ADB57B-520E-44A9-B49C-172C910FF438}.Debug|Any CPU.ActiveCfg = Debug|Any CPU
		{C4ADB57B-520E-44A9-B49C-172C910FF438}.Debug|Any CPU.Build.0 = Debug|Any CPU
		{C4ADB57B-520E-44A9-B49C-172C910FF438}.Release|Any CPU.ActiveCfg = Release|Any CPU
		{C4ADB57B-520E-44A9-B49C-172C910FF438}.Release|Any CPU.Build.0 = Release|Any CPU
	EndGlobalSection
	GlobalSection(SolutionProperties) = preSolution
		HideSolutionNode = FALSE
	EndGlobalSection
	GlobalSection(ExtensibilityGlobals) = postSolution
		SolutionGuid = {08D17827-2497-485C-B0EA-0A19513C94F4}
	EndGlobalSection
EndGlobal
